
Microsoft Visual Studio Solution File, Format Version 11.00
# Visual Studio 2010
Project("{2150E333-8FDC-42A3-9474-1A3956D46DE8}") = "jamendoradio", "jamendoradio", "{10C9AE48-A5A9-4820-B9B9-F39309B21845}"
	ProjectSection(SolutionItems) = preProject
		jamendoradio\JamendoRadio.crx = jamendoradio\JamendoRadio.crx
		jamendoradio\JamendoRadio.pem = jamendoradio\JamendoRadio.pem
		jamendoradio\Options.png = jamendoradio\Options.png
		jamendoradio\Popup.png = jamendoradio\Popup.png
	EndProjectSection
EndProject
Project("{2150E333-8FDC-42A3-9474-1A3956D46DE8}") = "JamendoRadio", "JamendoRadio", "{484AD356-5074-40F2-AFD7-5EB40033FF5B}"
	ProjectSection(SolutionItems) = preProject
		jamendoradio\JamendoRadio\background.html = jamendoradio\JamendoRadio\background.html
		jamendoradio\JamendoRadio.crx = jamendoradio\JamendoRadio.crx
		jamendoradio\JamendoRadio\JamendoRadio.js = jamendoradio\JamendoRadio\JamendoRadio.js
		jamendoradio\JamendoRadio\manifest.json = jamendoradio\JamendoRadio\manifest.json
		jamendoradio\JamendoRadio\options.html = jamendoradio\JamendoRadio\options.html
		jamendoradio\JamendoRadio\popup.html = jamendoradio\JamendoRadio\popup.html
	EndProjectSection
EndProject
Project("{2150E333-8FDC-42A3-9474-1A3956D46DE8}") = "Images", "Images", "{4BA2B1BB-5EC1-43D2-90C6-E08DE961C13B}"
	ProjectSection(SolutionItems) = preProject
		..\..\..\Downloads\ajax-loader.gif = ..\..\..\Downloads\ajax-loader.gif
		jamendoradio\JamendoRadio\Images\control_fastforward.png = jamendoradio\JamendoRadio\Images\control_fastforward.png
		jamendoradio\JamendoRadio\Images\control_pause.png = jamendoradio\JamendoRadio\Images\control_pause.png
		jamendoradio\JamendoRadio\Images\control_play.png = jamendoradio\JamendoRadio\Images\control_play.png
		jamendoradio\JamendoRadio\Images\control_stop.png = jamendoradio\JamendoRadio\Images\control_stop.png
		jamendoradio\JamendoRadio\Images\control_volume.png = jamendoradio\JamendoRadio\Images\control_volume.png
		jamendoradio\JamendoRadio\Images\icon.png = jamendoradio\JamendoRadio\Images\icon.png
		jamendoradio\JamendoRadio\Images\Icon128.png = jamendoradio\JamendoRadio\Images\Icon128.png
		jamendoradio\JamendoRadio\Images\Icon16.png = jamendoradio\JamendoRadio\Images\Icon16.png
		jamendoradio\JamendoRadio\Images\Icon32.png = jamendoradio\JamendoRadio\Images\Icon32.png
		jamendoradio\JamendoRadio\Images\Icon48.png = jamendoradio\JamendoRadio\Images\Icon48.png
		jamendoradio\JamendoRadio\Images\splash.jpg = jamendoradio\JamendoRadio\Images\splash.jpg
		jamendoradio\JamendoRadio\Images\volume_bg.png = jamendoradio\JamendoRadio\Images\volume_bg.png
	EndProjectSection
EndProject
Project("{2150E333-8FDC-42A3-9474-1A3956D46DE8}") = "Theme", "Theme", "{EFC22CB6-2BC7-47EA-9308-9F55B2FC6D00}"
	ProjectSection(SolutionItems) = preProject
		jamendoradio\JamendoRadio\Theme\jquery-1.3.2.min.js = jamendoradio\JamendoRadio\Theme\jquery-1.3.2.min.js
		jamendoradio\JamendoRadio\Theme\jquery-ui-1.7.2.custom.min.js = jamendoradio\JamendoRadio\Theme\jquery-ui-1.7.2.custom.min.js
	EndProjectSection
EndProject
Project("{2150E333-8FDC-42A3-9474-1A3956D46DE8}") = "ui-darkness", "ui-darkness", "{6589342C-62EE-4D80-8235-ED2213F3C8A6}"
	ProjectSection(SolutionItems) = preProject
		jamendoradio\JamendoRadio\Theme\ui-darkness\jquery-ui-1.7.2.custom.css = jamendoradio\JamendoRadio\Theme\ui-darkness\jquery-ui-1.7.2.custom.css
	EndProjectSection
EndProject
Project("{2150E333-8FDC-42A3-9474-1A3956D46DE8}") = "images", "images", "{E3980F28-479F-40CF-A342-9AD89FCFDB1F}"
	ProjectSection(SolutionItems) = preProject
		jamendoradio\JamendoRadio\Theme\ui-darkness\images\ui-bg_flat_30_cccccc_40x100.png = jamendoradio\JamendoRadio\Theme\ui-darkness\images\ui-bg_flat_30_cccccc_40x100.png
		jamendoradio\JamendoRadio\Theme\ui-darkness\images\ui-bg_flat_50_5c5c5c_40x100.png = jamendoradio\JamendoRadio\Theme\ui-darkness\images\ui-bg_flat_50_5c5c5c_40x100.png
		jamendoradio\JamendoRadio\Theme\ui-darkness\images\ui-bg_glass_20_555555_1x400.png = jamendoradio\JamendoRadio\Theme\ui-darkness\images\ui-bg_glass_20_555555_1x400.png
		jamendoradio\JamendoRadio\Theme\ui-darkness\images\ui-bg_glass_40_0078a3_1x400.png = jamendoradio\JamendoRadio\Theme\ui-darkness\images\ui-bg_glass_40_0078a3_1x400.png
		jamendoradio\JamendoRadio\Theme\ui-darkness\images\ui-bg_glass_40_ffc73d_1x400.png = jamendoradio\JamendoRadio\Theme\ui-darkness\images\ui-bg_glass_40_ffc73d_1x400.png
		jamendoradio\JamendoRadio\Theme\ui-darkness\images\ui-bg_gloss-wave_25_333333_500x100.png = jamendoradio\JamendoRadio\Theme\ui-darkness\images\ui-bg_gloss-wave_25_333333_500x100.png
		jamendoradio\JamendoRadio\Theme\ui-darkness\images\ui-bg_highlight-soft_80_eeeeee_1x100.png = jamendoradio\JamendoRadio\Theme\ui-darkness\images\ui-bg_highlight-soft_80_eeeeee_1x100.png
		jamendoradio\JamendoRadio\Theme\ui-darkness\images\ui-bg_inset-soft_25_000000_1x100.png = jamendoradio\JamendoRadio\Theme\ui-darkness\images\ui-bg_inset-soft_25_000000_1x100.png
		jamendoradio\JamendoRadio\Theme\ui-darkness\images\ui-bg_inset-soft_30_f58400_1x100.png = jamendoradio\JamendoRadio\Theme\ui-darkness\images\ui-bg_inset-soft_30_f58400_1x100.png
		jamendoradio\JamendoRadio\Theme\ui-darkness\images\ui-icons_222222_256x240.png = jamendoradio\JamendoRadio\Theme\ui-darkness\images\ui-icons_222222_256x240.png
		jamendoradio\JamendoRadio\Theme\ui-darkness\images\ui-icons_4b8e0b_256x240.png = jamendoradio\JamendoRadio\Theme\ui-darkness\images\ui-icons_4b8e0b_256x240.png
		jamendoradio\JamendoRadio\Theme\ui-darkness\images\ui-icons_a83300_256x240.png = jamendoradio\JamendoRadio\Theme\ui-darkness\images\ui-icons_a83300_256x240.png
		jamendoradio\JamendoRadio\Theme\ui-darkness\images\ui-icons_cccccc_256x240.png = jamendoradio\JamendoRadio\Theme\ui-darkness\images\ui-icons_cccccc_256x240.png
		jamendoradio\JamendoRadio\Theme\ui-darkness\images\ui-icons_ffffff_256x240.png = jamendoradio\JamendoRadio\Theme\ui-darkness\images\ui-icons_ffffff_256x240.png
	EndProjectSection
EndProject
Global
	GlobalSection(SubversionScc) = preSolution
		Svn-Managed = True
		Manager = AnkhSVN - Subversion Support for Visual Studio
	EndGlobalSection
	GlobalSection(SolutionProperties) = preSolution
		HideSolutionNode = FALSE
	EndGlobalSection
	GlobalSection(NestedProjects) = preSolution
		{484AD356-5074-40F2-AFD7-5EB40033FF5B} = {10C9AE48-A5A9-4820-B9B9-F39309B21845}
		{4BA2B1BB-5EC1-43D2-90C6-E08DE961C13B} = {484AD356-5074-40F2-AFD7-5EB40033FF5B}
		{EFC22CB6-2BC7-47EA-9308-9F55B2FC6D00} = {484AD356-5074-40F2-AFD7-5EB40033FF5B}
		{6589342C-62EE-4D80-8235-ED2213F3C8A6} = {EFC22CB6-2BC7-47EA-9308-9F55B2FC6D00}
		{E3980F28-479F-40CF-A342-9AD89FCFDB1F} = {6589342C-62EE-4D80-8235-ED2213F3C8A6}
	EndGlobalSection
EndGlobal
